
Microsoft Visual Studio Solution File, Format Version 11.00
# Visual Studio 2010
Project("{FAE04EC0-301F-11D3-BF4B-00C04F79EFBC}") = "lua", "lua\lua.csproj", "{C3C0F422-9927-4754-8CBF-0E1EF8CD4DC2}"
EndProject
Project("{8BC9CEB8-8B4A-11D0-8D11-00A0C91BC942}") = "luanative", "luanative\luanative.vcxproj", "{72395C50-D380-478B-81C7-67E565B85DC7}"
EndProject
Global
	GlobalSection(SolutionConfigurationPlatforms) = preSolution
		Debug|x86 = Debug|x86
		Release|x86 = Release|x86
	EndGlobalSection
	GlobalSection(ProjectConfigurationPlatforms) = postSolution
		{C3C0F422-9927-4754-8CBF-0E1EF8CD4DC2}.Debug|x86.ActiveCfg = Debug|x86
		{C3C0F422-9927-4754-8CBF-0E1EF8CD4DC2}.Debug|x86.Build.0 = Debug|x86
		{C3C0F422-9927-4754-8CBF-0E1EF8CD4DC2}.Release|x86.ActiveCfg = Release|x86
		{C3C0F422-9927-4754-8CBF-0E1EF8CD4DC2}.Release|x86.Build.0 = Release|x86
		{72395C50-D380-478B-81C7-67E565B85DC7}.Debug|x86.ActiveCfg = Debug|Win32
		{72395C50-D380-478B-81C7-67E565B85DC7}.Debug|x86.Build.0 = Debug|Win32
		{72395C50-D380-478B-81C7-67E565B85DC7}.Release|x86.ActiveCfg = Release|Win32
	EndGlobalSection
	GlobalSection(SolutionProperties) = preSolution
		HideSolutionNode = FALSE
	EndGlobalSection
EndGlobal
